// !$*UTF8*$!
{
	archiveVersion = 1;
	classes = {
	};
	objectVersion = 77;
	objects = {

/* Begin PBXContainerItemProxy section */
		C17898A62CB94C4B00CDFE68 /* PBXContainerItemProxy */ = {
			isa = PBXContainerItemProxy;
			containerPortal = C178988B2CB94C4A00CDFE68 /* Project object */;
			proxyType = 1;
			remoteGlobalIDString = C17898922CB94C4A00CDFE68;
			remoteInfo = "les-petits-createurs";
		};
		C17898B02CB94C4B00CDFE68 /* PBXContainerItemProxy */ = {
			isa = PBXContainerItemProxy;
			containerPortal = C178988B2CB94C4A00CDFE68 /* Project object */;
			proxyType = 1;
			remoteGlobalIDString = C17898922CB94C4A00CDFE68;
			remoteInfo = "les-petits-createurs";
		};
/* End PBXContainerItemProxy section */

/* Begin PBXCopyFilesBuildPhase section */
		C14D80692CC3C33000D3A0BB /* Embed Foundation Extensions */ = {
			isa = PBXCopyFilesBuildPhase;
			buildActionMask = 2147483647;
			dstPath = "";
			dstSubfolderSpec = 13;
			files = (
			);
			name = "Embed Foundation Extensions";
			runOnlyForDeploymentPostprocessing = 0;
		};
/* End PBXCopyFilesBuildPhase section */

/* Begin PBXFileReference section */
		C14D80522CC3C32F00D3A0BB /* SwiftUI.framework */ = {isa = PBXFileReference; lastKnownFileType = wrapper.framework; name = SwiftUI.framework; path = System/Library/Frameworks/SwiftUI.framework; sourceTree = SDKROOT; };
		C17898932CB94C4A00CDFE68 /* LesPetitsCreateurs.app */ = {isa = PBXFileReference; explicitFileType = wrapper.application; includeInIndex = 0; path = LesPetitsCreateurs.app; sourceTree = BUILT_PRODUCTS_DIR; };
		C17898A52CB94C4B00CDFE68 /* LesPetitsCreateursTests.xctest */ = {isa = PBXFileReference; explicitFileType = wrapper.cfbundle; includeInIndex = 0; path = LesPetitsCreateursTests.xctest; sourceTree = BUILT_PRODUCTS_DIR; };
		C17898AF2CB94C4B00CDFE68 /* LesPetitsCreateursUITests.xctest */ = {isa = PBXFileReference; explicitFileType = wrapper.cfbundle; includeInIndex = 0; path = LesPetitsCreateursUITests.xctest; sourceTree = BUILT_PRODUCTS_DIR; };
/* End PBXFileReference section */

/* Begin PBXFileSystemSynchronizedBuildFileExceptionSet section */
		C17898D12CB94C9400CDFE68 /* Exceptions for "LesPetitsCreateurs" folder in "LesPetitsCreateurs" target */ = {
			isa = PBXFileSystemSynchronizedBuildFileExceptionSet;
			membershipExceptions = (
				Info.plist,
			);
			target = C17898922CB94C4A00CDFE68 /* LesPetitsCreateurs */;
		};
/* End PBXFileSystemSynchronizedBuildFileExceptionSet section */

/* Begin PBXFileSystemSynchronizedRootGroup section */
		C17898952CB94C4A00CDFE68 /* LesPetitsCreateurs */ = {
			isa = PBXFileSystemSynchronizedRootGroup;
			exceptions = (
				C17898D12CB94C9400CDFE68 /* Exceptions for "LesPetitsCreateurs" folder in "LesPetitsCreateurs" target */,
			);
			path = LesPetitsCreateurs;
			sourceTree = "<group>";
		};
		C17898A82CB94C4B00CDFE68 /* LesPetitsCreateursTests */ = {
			isa = PBXFileSystemSynchronizedRootGroup;
			path = LesPetitsCreateursTests;
			sourceTree = "<group>";
		};
		C17898B22CB94C4B00CDFE68 /* LesPetitsCreateursUITests */ = {
			isa = PBXFileSystemSynchronizedRootGroup;
			path = LesPetitsCreateursUITests;
			sourceTree = "<group>";
		};
/* End PBXFileSystemSynchronizedRootGroup section */

/* Begin PBXFrameworksBuildPhase section */
		C17898902CB94C4A00CDFE68 /* Frameworks */ = {
			isa = PBXFrameworksBuildPhase;
			buildActionMask = 2147483647;
			files = (
			);
			runOnlyForDeploymentPostprocessing = 0;
		};
		C17898A22CB94C4B00CDFE68 /* Frameworks */ = {
			isa = PBXFrameworksBuildPhase;
			buildActionMask = 2147483647;
			files = (
			);
			runOnlyForDeploymentPostprocessing = 0;
		};
		C17898AC2CB94C4B00CDFE68 /* Frameworks */ = {
			isa = PBXFrameworksBuildPhase;
			buildActionMask = 2147483647;
			files = (
			);
			runOnlyForDeploymentPostprocessing = 0;
		};
/* End PBXFrameworksBuildPhase section */

/* Begin PBXGroup section */
		C14D804F2CC3C32F00D3A0BB /* Frameworks */ = {
			isa = PBXGroup;
			children = (
				C14D80522CC3C32F00D3A0BB /* SwiftUI.framework */,
			);
			name = Frameworks;
			sourceTree = "<group>";
		};
		C178988A2CB94C4A00CDFE68 = {
			isa = PBXGroup;
			children = (
				C17898952CB94C4A00CDFE68 /* LesPetitsCreateurs */,
				C17898A82CB94C4B00CDFE68 /* LesPetitsCreateursTests */,
				C17898B22CB94C4B00CDFE68 /* LesPetitsCreateursUITests */,
				C14D804F2CC3C32F00D3A0BB /* Frameworks */,
				C17898942CB94C4A00CDFE68 /* Products */,
			);
			sourceTree = "<group>";
		};
		C17898942CB94C4A00CDFE68 /* Products */ = {
			isa = PBXGroup;
			children = (
				C17898932CB94C4A00CDFE68 /* LesPetitsCreateurs.app */,
				C17898A52CB94C4B00CDFE68 /* LesPetitsCreateursTests.xctest */,
				C17898AF2CB94C4B00CDFE68 /* LesPetitsCreateursUITests.xctest */,
			);
			name = Products;
			sourceTree = "<group>";
		};
/* End PBXGroup section */

/* Begin PBXNativeTarget section */
		C17898922CB94C4A00CDFE68 /* LesPetitsCreateurs */ = {
			isa = PBXNativeTarget;
			buildConfigurationList = C17898B92CB94C4B00CDFE68 /* Build configuration list for PBXNativeTarget "LesPetitsCreateurs" */;
			buildPhases = (
				C178988F2CB94C4A00CDFE68 /* Sources */,
				C17898902CB94C4A00CDFE68 /* Frameworks */,
				C17898912CB94C4A00CDFE68 /* Resources */,
				C14D80692CC3C33000D3A0BB /* Embed Foundation Extensions */,
			);
			buildRules = (
			);
			dependencies = (
			);
			fileSystemSynchronizedGroups = (
				C17898952CB94C4A00CDFE68 /* LesPetitsCreateurs */,
			);
			name = LesPetitsCreateurs;
			packageProductDependencies = (
			);
			productName = "les-petits-createurs";
			productReference = C17898932CB94C4A00CDFE68 /* LesPetitsCreateurs.app */;
			productType = "com.apple.product-type.application";
		};
		C17898A42CB94C4B00CDFE68 /* LesPetitsCreateursTests */ = {
			isa = PBXNativeTarget;
			buildConfigurationList = C17898BC2CB94C4B00CDFE68 /* Build configuration list for PBXNativeTarget "LesPetitsCreateursTests" */;
			buildPhases = (
				C17898A12CB94C4B00CDFE68 /* Sources */,
				C17898A22CB94C4B00CDFE68 /* Frameworks */,
				C17898A32CB94C4B00CDFE68 /* Resources */,
			);
			buildRules = (
			);
			dependencies = (
				C17898A72CB94C4B00CDFE68 /* PBXTargetDependency */,
			);
			fileSystemSynchronizedGroups = (
				C17898A82CB94C4B00CDFE68 /* LesPetitsCreateursTests */,
			);
			name = LesPetitsCreateursTests;
			packageProductDependencies = (
			);
			productName = "les-petits-createursTests";
			productReference = C17898A52CB94C4B00CDFE68 /* LesPetitsCreateursTests.xctest */;
			productType = "com.apple.product-type.bundle.unit-test";
		};
		C17898AE2CB94C4B00CDFE68 /* LesPetitsCreateursUITests */ = {
			isa = PBXNativeTarget;
			buildConfigurationList = C17898BF2CB94C4B00CDFE68 /* Build configuration list for PBXNativeTarget "LesPetitsCreateursUITests" */;
			buildPhases = (
				C17898AB2CB94C4B00CDFE68 /* Sources */,
				C17898AC2CB94C4B00CDFE68 /* Frameworks */,
				C17898AD2CB94C4B00CDFE68 /* Resources */,
			);
			buildRules = (
			);
			dependencies = (
				C17898B12CB94C4B00CDFE68 /* PBXTargetDependency */,
			);
			fileSystemSynchronizedGroups = (
				C17898B22CB94C4B00CDFE68 /* LesPetitsCreateursUITests */,
			);
			name = LesPetitsCreateursUITests;
			packageProductDependencies = (
			);
			productName = "les-petits-createursUITests";
			productReference = C17898AF2CB94C4B00CDFE68 /* LesPetitsCreateursUITests.xctest */;
			productType = "com.apple.product-type.bundle.ui-testing";
		};
/* End PBXNativeTarget section */

/* Begin PBXProject section */
		C178988B2CB94C4A00CDFE68 /* Project object */ = {
			isa = PBXProject;
			attributes = {
				BuildIndependentTargetsInParallel = 1;
				LastSwiftUpdateCheck = 1600;
				LastUpgradeCheck = 1600;
				TargetAttributes = {
					C17898922CB94C4A00CDFE68 = {
						CreatedOnToolsVersion = 16.0;
					};
					C17898A42CB94C4B00CDFE68 = {
						CreatedOnToolsVersion = 16.0;
						TestTargetID = C17898922CB94C4A00CDFE68;
					};
					C17898AE2CB94C4B00CDFE68 = {
						CreatedOnToolsVersion = 16.0;
						TestTargetID = C17898922CB94C4A00CDFE68;
					};
				};
			};
			buildConfigurationList = C178988E2CB94C4A00CDFE68 /* Build configuration list for PBXProject "LesPetitsCreateurs" */;
			developmentRegion = en;
			hasScannedForEncodings = 0;
			knownRegions = (
				en,
				Base,
			);
			mainGroup = C178988A2CB94C4A00CDFE68;
			minimizedProjectReferenceProxies = 1;
			preferredProjectObjectVersion = 77;
			productRefGroup = C17898942CB94C4A00CDFE68 /* Products */;
			projectDirPath = "";
			projectRoot = "";
			targets = (
				C17898922CB94C4A00CDFE68 /* LesPetitsCreateurs */,
				C17898A42CB94C4B00CDFE68 /* LesPetitsCreateursTests */,
				C17898AE2CB94C4B00CDFE68 /* LesPetitsCreateursUITests */,
			);
		};
/* End PBXProject section */

/* Begin PBXResourcesBuildPhase section */
		C17898912CB94C4A00CDFE68 /* Resources */ = {
			isa = PBXResourcesBuildPhase;
			buildActionMask = 2147483647;
			files = (
			);
			runOnlyForDeploymentPostprocessing = 0;
		};
		C17898A32CB94C4B00CDFE68 /* Resources */ = {
			isa = PBXResourcesBuildPhase;
			buildActionMask = 2147483647;
			files = (
			);
			runOnlyForDeploymentPostprocessing = 0;
		};
		C17898AD2CB94C4B00CDFE68 /* Resources */ = {
			isa = PBXResourcesBuildPhase;
			buildActionMask = 2147483647;
			files = (
			);
			runOnlyForDeploymentPostprocessing = 0;
		};
/* End PBXResourcesBuildPhase section */

/* Begin PBXSourcesBuildPhase section */
		C178988F2CB94C4A00CDFE68 /* Sources */ = {
			isa = PBXSourcesBuildPhase;
			buildActionMask = 2147483647;
			files = (
			);
			runOnlyForDeploymentPostprocessing = 0;
		};
		C17898A12CB94C4B00CDFE68 /* Sources */ = {
			isa = PBXSourcesBuildPhase;
			buildActionMask = 2147483647;
			files = (
			);
			runOnlyForDeploymentPostprocessing = 0;
		};
		C17898AB2CB94C4B00CDFE68 /* Sources */ = {
			isa = PBXSourcesBuildPhase;
			buildActionMask = 2147483647;
			files = (
			);
			runOnlyForDeploymentPostprocessing = 0;
		};
/* End PBXSourcesBuildPhase section */

/* Begin PBXTargetDependency section */
		C17898A72CB94C4B00CDFE68 /* PBXTargetDependency */ = {
			isa = PBXTargetDependency;
			target = C17898922CB94C4A00CDFE68 /* LesPetitsCreateurs */;
			targetProxy = C17898A62CB94C4B00CDFE68 /* PBXContainerItemProxy */;
		};
		C17898B12CB94C4B00CDFE68 /* PBXTargetDependency */ = {
			isa = PBXTargetDependency;
			target = C17898922CB94C4A00CDFE68 /* LesPetitsCreateurs */;
			targetProxy = C17898B02CB94C4B00CDFE68 /* PBXContainerItemProxy */;
		};
/* End PBXTargetDependency section */

/* Begin XCBuildConfiguration section */
		C17898B72CB94C4B00CDFE68 /* Debug */ = {
			isa = XCBuildConfiguration;
			buildSettings = {
				ALWAYS_SEARCH_USER_PATHS = NO;
				ASSETCATALOG_COMPILER_GENERATE_SWIFT_ASSET_SYMBOL_EXTENSIONS = YES;
				CLANG_ANALYZER_NONNULL = YES;
				CLANG_ANALYZER_NUMBER_OBJECT_CONVERSION = YES_AGGRESSIVE;
				CLANG_CXX_LANGUAGE_STANDARD = "gnu++20";
				CLANG_ENABLE_MODULES = YES;
				CLANG_ENABLE_OBJC_ARC = YES;
				CLANG_ENABLE_OBJC_WEAK = YES;
				CLANG_WARN_BLOCK_CAPTURE_AUTORELEASING = YES;
				CLANG_WARN_BOOL_CONVERSION = YES;
				CLANG_WARN_COMMA = YES;
				CLANG_WARN_CONSTANT_CONVERSION = YES;
				CLANG_WARN_DEPRECATED_OBJC_IMPLEMENTATIONS = YES;
				CLANG_WARN_DIRECT_OBJC_ISA_USAGE = YES_ERROR;
				CLANG_WARN_DOCUMENTATION_COMMENTS = YES;
				CLANG_WARN_EMPTY_BODY = YES;
				CLANG_WARN_ENUM_CONVERSION = YES;
				CLANG_WARN_INFINITE_RECURSION = YES;
				CLANG_WARN_INT_CONVERSION = YES;
				CLANG_WARN_NON_LITERAL_NULL_CONVERSION = YES;
				CLANG_WARN_OBJC_IMPLICIT_RETAIN_SELF = YES;
				CLANG_WARN_OBJC_LITERAL_CONVERSION = YES;
				CLANG_WARN_OBJC_ROOT_CLASS = YES_ERROR;
				CLANG_WARN_QUOTED_INCLUDE_IN_FRAMEWORK_HEADER = YES;
				CLANG_WARN_RANGE_LOOP_ANALYSIS = YES;
				CLANG_WARN_STRICT_PROTOTYPES = YES;
				CLANG_WARN_SUSPICIOUS_MOVE = YES;
				CLANG_WARN_UNGUARDED_AVAILABILITY = YES_AGGRESSIVE;
				CLANG_WARN_UNREACHABLE_CODE = YES;
				CLANG_WARN__DUPLICATE_METHOD_MATCH = YES;
				COPY_PHASE_STRIP = NO;
				DEBUG_INFORMATION_FORMAT = dwarf;
				ENABLE_STRICT_OBJC_MSGSEND = YES;
				ENABLE_TESTABILITY = YES;
				ENABLE_USER_SCRIPT_SANDBOXING = YES;
				GCC_C_LANGUAGE_STANDARD = gnu17;
				GCC_DYNAMIC_NO_PIC = NO;
				GCC_NO_COMMON_BLOCKS = YES;
				GCC_OPTIMIZATION_LEVEL = 0;
				GCC_PREPROCESSOR_DEFINITIONS = (
					"DEBUG=1",
					"$(inherited)",
				);
				GCC_WARN_64_TO_32_BIT_CONVERSION = YES;
				GCC_WARN_ABOUT_RETURN_TYPE = YES_ERROR;
				GCC_WARN_UNDECLARED_SELECTOR = YES;
				GCC_WARN_UNINITIALIZED_AUTOS = YES_AGGRESSIVE;
				GCC_WARN_UNUSED_FUNCTION = YES;
				GCC_WARN_UNUSED_VARIABLE = YES;
				IPHONEOS_DEPLOYMENT_TARGET = 18.0;
				LOCALIZATION_PREFERS_STRING_CATALOGS = YES;
				MTL_ENABLE_DEBUG_INFO = INCLUDE_SOURCE;
				MTL_FAST_MATH = YES;
				ONLY_ACTIVE_ARCH = YES;
				PRODUCT_NAME = LPC;
				SDKROOT = iphoneos;
				SWIFT_ACTIVE_COMPILATION_CONDITIONS = "DEBUG $(inherited)";
				SWIFT_OPTIMIZATION_LEVEL = "-Onone";
			};
			name = Debug;
		};
		C17898B82CB94C4B00CDFE68 /* Release */ = {
			isa = XCBuildConfiguration;
			buildSettings = {
				ALWAYS_SEARCH_USER_PATHS = NO;
				ASSETCATALOG_COMPILER_GENERATE_SWIFT_ASSET_SYMBOL_EXTENSIONS = YES;
				CLANG_ANALYZER_NONNULL = YES;
				CLANG_ANALYZER_NUMBER_OBJECT_CONVERSION = YES_AGGRESSIVE;
				CLANG_CXX_LANGUAGE_STANDARD = "gnu++20";
				CLANG_ENABLE_MODULES = YES;
				CLANG_ENABLE_OBJC_ARC = YES;
				CLANG_ENABLE_OBJC_WEAK = YES;
				CLANG_WARN_BLOCK_CAPTURE_AUTORELEASING = YES;
				CLANG_WARN_BOOL_CONVERSION = YES;
				CLANG_WARN_COMMA = YES;
				CLANG_WARN_CONSTANT_CONVERSION = YES;
				CLANG_WARN_DEPRECATED_OBJC_IMPLEMENTATIONS = YES;
				CLANG_WARN_DIRECT_OBJC_ISA_USAGE = YES_ERROR;
				CLANG_WARN_DOCUMENTATION_COMMENTS = YES;
				CLANG_WARN_EMPTY_BODY = YES;
				CLANG_WARN_ENUM_CONVERSION = YES;
				CLANG_WARN_INFINITE_RECURSION = YES;
				CLANG_WARN_INT_CONVERSION = YES;
				CLANG_WARN_NON_LITERAL_NULL_CONVERSION = YES;
				CLANG_WARN_OBJC_IMPLICIT_RETAIN_SELF = YES;
				CLANG_WARN_OBJC_LITERAL_CONVERSION = YES;
				CLANG_WARN_OBJC_ROOT_CLASS = YES_ERROR;
				CLANG_WARN_QUOTED_INCLUDE_IN_FRAMEWORK_HEADER = YES;
				CLANG_WARN_RANGE_LOOP_ANALYSIS = YES;
				CLANG_WARN_STRICT_PROTOTYPES = YES;
				CLANG_WARN_SUSPICIOUS_MOVE = YES;
				CLANG_WARN_UNGUARDED_AVAILABILITY = YES_AGGRESSIVE;
				CLANG_WARN_UNREACHABLE_CODE = YES;
				CLANG_WARN__DUPLICATE_METHOD_MATCH = YES;
				COPY_PHASE_STRIP = NO;
				DEBUG_INFORMATION_FORMAT = "dwarf-with-dsym";
				ENABLE_NS_ASSERTIONS = NO;
				ENABLE_STRICT_OBJC_MSGSEND = YES;
				ENABLE_USER_SCRIPT_SANDBOXING = YES;
				GCC_C_LANGUAGE_STANDARD = gnu17;
				GCC_NO_COMMON_BLOCKS = YES;
				GCC_WARN_64_TO_32_BIT_CONVERSION = YES;
				GCC_WARN_ABOUT_RETURN_TYPE = YES_ERROR;
				GCC_WARN_UNDECLARED_SELECTOR = YES;
				GCC_WARN_UNINITIALIZED_AUTOS = YES_AGGRESSIVE;
				GCC_WARN_UNUSED_FUNCTION = YES;
				GCC_WARN_UNUSED_VARIABLE = YES;
				IPHONEOS_DEPLOYMENT_TARGET = 18.0;
				LOCALIZATION_PREFERS_STRING_CATALOGS = YES;
				MTL_ENABLE_DEBUG_INFO = NO;
				MTL_FAST_MATH = YES;
				PRODUCT_NAME = LPC;
				SDKROOT = iphoneos;
				SWIFT_COMPILATION_MODE = wholemodule;
				VALIDATE_PRODUCT = YES;
			};
			name = Release;
		};
		C17898BA2CB94C4B00CDFE68 /* Debug */ = {
			isa = XCBuildConfiguration;
			buildSettings = {
				ASSETCATALOG_COMPILER_APPICON_NAME = AppIcon;
				ASSETCATALOG_COMPILER_GLOBAL_ACCENT_COLOR_NAME = AccentColor;
				ASSETCATALOG_COMPILER_INCLUDE_ALL_APPICON_ASSETS = NO;
				CODE_SIGN_IDENTITY = "Apple Development";
				CODE_SIGN_STYLE = Automatic;
				CURRENT_PROJECT_VERSION = 1;
				DEVELOPMENT_ASSET_PATHS = "\"LesPetitsCreateurs\"";
				DEVELOPMENT_TEAM = Z889TDRYB6;
				ENABLE_PREVIEWS = YES;
				GENERATE_INFOPLIST_FILE = YES;
				INFOPLIST_FILE = LesPetitsCreateurs/Info.plist;
				INFOPLIST_KEY_CFBundleDisplayName = "P'tits Créateurs";
				INFOPLIST_KEY_UIApplicationSceneManifest_Generation = YES;
				INFOPLIST_KEY_UIApplicationSupportsIndirectInputEvents = YES;
				INFOPLIST_KEY_UILaunchScreen_Generation = YES;
				INFOPLIST_KEY_UILaunchStoryboardName = LaunchScreen.storyboard;
				INFOPLIST_KEY_UIStatusBarHidden = NO;
				INFOPLIST_KEY_UISupportedInterfaceOrientations_iPad = "UIInterfaceOrientationPortrait UIInterfaceOrientationPortraitUpsideDown UIInterfaceOrientationLandscapeLeft UIInterfaceOrientationLandscapeRight";
				INFOPLIST_KEY_UISupportedInterfaceOrientations_iPhone = "UIInterfaceOrientationPortrait UIInterfaceOrientationLandscapeLeft UIInterfaceOrientationLandscapeRight";
				LD_RUNPATH_SEARCH_PATHS = (
					"$(inherited)",
					"@executable_path/Frameworks",
				);
				MARKETING_VERSION = 1.0;
				PRODUCT_BUNDLE_IDENTIFIER = com.app.lpc.LesPetitsCreateurs;
				PRODUCT_NAME = "$(TARGET_NAME)";
				PROVISIONING_PROFILE_SPECIFIER = "";
				SWIFT_EMIT_LOC_STRINGS = YES;
				SWIFT_VERSION = 5.0;
				TARGETED_DEVICE_FAMILY = "1,2";
			};
			name = Debug;
		};
		C17898BB2CB94C4B00CDFE68 /* Release */ = {
			isa = XCBuildConfiguration;
			buildSettings = {
				ASSETCATALOG_COMPILER_APPICON_NAME = AppIcon;
				ASSETCATALOG_COMPILER_GLOBAL_ACCENT_COLOR_NAME = AccentColor;
				ASSETCATALOG_COMPILER_INCLUDE_ALL_APPICON_ASSETS = NO;
				CODE_SIGN_IDENTITY = "Apple Development";
				CODE_SIGN_STYLE = Automatic;
				CURRENT_PROJECT_VERSION = 1;
				DEVELOPMENT_ASSET_PATHS = "\"LesPetitsCreateurs\"";
				DEVELOPMENT_TEAM = Z889TDRYB6;
				ENABLE_PREVIEWS = YES;
				GENERATE_INFOPLIST_FILE = YES;
				INFOPLIST_FILE = LesPetitsCreateurs/Info.plist;
				INFOPLIST_KEY_CFBundleDisplayName = "P'tits Créateurs";
				INFOPLIST_KEY_UIApplicationSceneManifest_Generation = YES;
				INFOPLIST_KEY_UIApplicationSupportsIndirectInputEvents = YES;
				INFOPLIST_KEY_UILaunchScreen_Generation = YES;
				INFOPLIST_KEY_UILaunchStoryboardName = LaunchScreen.storyboard;
				INFOPLIST_KEY_UIStatusBarHidden = NO;
				INFOPLIST_KEY_UISupportedInterfaceOrientations_iPad = "UIInterfaceOrientationPortrait UIInterfaceOrientationPortraitUpsideDown UIInterfaceOrientationLandscapeLeft UIInterfaceOrientationLandscapeRight";
				INFOPLIST_KEY_UISupportedInterfaceOrientations_iPhone = "UIInterfaceOrientationPortrait UIInterfaceOrientationLandscapeLeft UIInterfaceOrientationLandscapeRight";
				LD_RUNPATH_SEARCH_PATHS = (
					"$(inherited)",
					"@executable_path/Frameworks",
				);
				MARKETING_VERSION = 1.0;
				PRODUCT_BUNDLE_IDENTIFIER = com.app.lpc.LesPetitsCreateurs;
				PRODUCT_NAME = "$(TARGET_NAME)";
				PROVISIONING_PROFILE_SPECIFIER = "";
				SWIFT_EMIT_LOC_STRINGS = YES;
				SWIFT_VERSION = 5.0;
				TARGETED_DEVICE_FAMILY = "1,2";
			};
			name = Release;
		};
		C17898BD2CB94C4B00CDFE68 /* Debug */ = {
			isa = XCBuildConfiguration;
			buildSettings = {
				BUNDLE_LOADER = "$(TEST_HOST)";
				CODE_SIGN_STYLE = Automatic;
				CURRENT_PROJECT_VERSION = 1;
				DEVELOPMENT_TEAM = Z889TDRYB6;
				GENERATE_INFOPLIST_FILE = YES;
				IPHONEOS_DEPLOYMENT_TARGET = 18.0;
				MARKETING_VERSION = 1.0;
				PRODUCT_BUNDLE_IDENTIFIER = com.app.lpc.LesPetitsCreateursTests;
				PRODUCT_NAME = "$(TARGET_NAME)";
				SWIFT_EMIT_LOC_STRINGS = NO;
				SWIFT_VERSION = 5.0;
				TARGETED_DEVICE_FAMILY = "1,2";
				TEST_HOST = "$(BUILT_PRODUCTS_DIR)/LesPetitsCreateurs.app/$(BUNDLE_EXECUTABLE_FOLDER_PATH)/LesPetitsCreateurs";
			};
			name = Debug;
		};
		C17898BE2CB94C4B00CDFE68 /* Release */ = {
			isa = XCBuildConfiguration;
			buildSettings = {
				BUNDLE_LOADER = "$(TEST_HOST)";
				CODE_SIGN_STYLE = Automatic;
				CURRENT_PROJECT_VERSION = 1;
				DEVELOPMENT_TEAM = Z889TDRYB6;
				GENERATE_INFOPLIST_FILE = YES;
				IPHONEOS_DEPLOYMENT_TARGET = 18.0;
				MARKETING_VERSION = 1.0;
				PRODUCT_BUNDLE_IDENTIFIER = com.app.lpc.LesPetitsCreateursTests;
				PRODUCT_NAME = "$(TARGET_NAME)";
				SWIFT_EMIT_LOC_STRINGS = NO;
				SWIFT_VERSION = 5.0;
				TARGETED_DEVICE_FAMILY = "1,2";
				TEST_HOST = "$(BUILT_PRODUCTS_DIR)/LesPetitsCreateurs.app/$(BUNDLE_EXECUTABLE_FOLDER_PATH)/LesPetitsCreateurs";
			};
			name = Release;
		};
		C17898C02CB94C4B00CDFE68 /* Debug */ = {
			isa = XCBuildConfiguration;
			buildSettings = {
				CODE_SIGN_STYLE = Automatic;
				CURRENT_PROJECT_VERSION = 1;
				DEVELOPMENT_TEAM = Z889TDRYB6;
				GENERATE_INFOPLIST_FILE = YES;
				MARKETING_VERSION = 1.0;
				PRODUCT_BUNDLE_IDENTIFIER = com.app.lpc.LesPetitsCreateursUITests;
				PRODUCT_NAME = "$(TARGET_NAME)";
				SWIFT_EMIT_LOC_STRINGS = NO;
				SWIFT_VERSION = 5.0;
				TARGETED_DEVICE_FAMILY = "1,2";
				TEST_TARGET_NAME = "les-petits-createurs";
			};
			name = Debug;
		};
		C17898C12CB94C4B00CDFE68 /* Release */ = {
			isa = XCBuildConfiguration;
			buildSettings = {
				CODE_SIGN_STYLE = Automatic;
				CURRENT_PROJECT_VERSION = 1;
				DEVELOPMENT_TEAM = Z889TDRYB6;
				GENERATE_INFOPLIST_FILE = YES;
				MARKETING_VERSION = 1.0;
				PRODUCT_BUNDLE_IDENTIFIER = com.app.lpc.LesPetitsCreateursUITests;
				PRODUCT_NAME = "$(TARGET_NAME)";
				SWIFT_EMIT_LOC_STRINGS = NO;
				SWIFT_VERSION = 5.0;
				TARGETED_DEVICE_FAMILY = "1,2";
				TEST_TARGET_NAME = "les-petits-createurs";
			};
			name = Release;
		};
/* End XCBuildConfiguration section */

/* Begin XCConfigurationList section */
		C178988E2CB94C4A00CDFE68 /* Build configuration list for PBXProject "LesPetitsCreateurs" */ = {
			isa = XCConfigurationList;
			buildConfigurations = (
				C17898B72CB94C4B00CDFE68 /* Debug */,
				C17898B82CB94C4B00CDFE68 /* Release */,
			);
			defaultConfigurationIsVisible = 0;
			defaultConfigurationName = Release;
		};
		C17898B92CB94C4B00CDFE68 /* Build configuration list for PBXNativeTarget "LesPetitsCreateurs" */ = {
			isa = XCConfigurationList;
			buildConfigurations = (
				C17898BA2CB94C4B00CDFE68 /* Debug */,
				C17898BB2CB94C4B00CDFE68 /* Release */,
			);
			defaultConfigurationIsVisible = 0;
			defaultConfigurationName = Release;
		};
		C17898BC2CB94C4B00CDFE68 /* Build configuration list for PBXNativeTarget "LesPetitsCreateursTests" */ = {
			isa = XCConfigurationList;
			buildConfigurations = (
				C17898BD2CB94C4B00CDFE68 /* Debug */,
				C17898BE2CB94C4B00CDFE68 /* Release */,
			);
			defaultConfigurationIsVisible = 0;
			defaultConfigurationName = Release;
		};
		C17898BF2CB94C4B00CDFE68 /* Build configuration list for PBXNativeTarget "LesPetitsCreateursUITests" */ = {
			isa = XCConfigurationList;
			buildConfigurations = (
				C17898C02CB94C4B00CDFE68 /* Debug */,
				C17898C12CB94C4B00CDFE68 /* Release */,
			);
			defaultConfigurationIsVisible = 0;
			defaultConfigurationName = Release;
		};
/* End XCConfigurationList section */
	};
	rootObject = C178988B2CB94C4A00CDFE68 /* Project object */;
}
